
Microsoft Visual Studio Solution File, Format Version 12.00
# Visual Studio 2012
Project("{FAE04EC0-301F-11D3-BF4B-00C04F79EFBC}") = "Adored", "Adored\Adored.csproj", "{B12A9747-A6A3-4F71-970E-873F0ED9FCEF}"
EndProject
Global
	GlobalSection(SolutionConfigurationPlatforms) = preSolution
		Debug|Any CPU = Debug|Any CPU
		Release|Any CPU = Release|Any CPU
	EndGlobalSection
	GlobalSection(ProjectConfigurationPlatforms) = postSolution
		{B12A9747-A6A3-4F71-970E-873F0ED9FCEF}.Debug|Any CPU.ActiveCfg = Debug|Any CPU
		{B12A9747-A6A3-4F71-970E-873F0ED9FCEF}.Debug|Any CPU.Build.0 = Debug|Any CPU
		{B12A9747-A6A3-4F71-970E-873F0ED9FCEF}.Release|Any CPU.ActiveCfg = Release|Any CPU
		{B12A9747-A6A3-4F71-970E-873F0ED9FCEF}.Release|Any CPU.Build.0 = Release|Any CPU
	EndGlobalSection
EndGlobal
